
Microsoft Visual Studio Solution File, Format Version 12.00
# Visual Studio Version 16
VisualStudioVersion = 16.0.29920.165
MinimumVisualStudioVersion = 10.0.40219.1
Project("{9A19103F-16F7-4668-BE54-9A1E7A4F7556}") = "Entidades", "Entidades\Entidades.csproj", "{C98272DC-6492-4B69-B48C-9217A9F6E817}"
EndProject
Project("{FAE04EC0-301F-11D3-BF4B-00C04F79EFBC}") = "MiCalculadora", "MiCalculadora\MiCalculadora.csproj", "{CC0F983D-4668-4BB6-BC1E-E2E37B7D108F}"
EndProject
Global
	GlobalSection(SolutionConfigurationPlatforms) = preSolution
		Debug|Any CPU = Debug|Any CPU
		Release|Any CPU = Release|Any CPU
	EndGlobalSection
	GlobalSection(ProjectConfigurationPlatforms) = postSolution
		{C98272DC-6492-4B69-B48C-9217A9F6E817}.Debug|Any CPU.ActiveCfg = Debug|Any CPU
		{C98272DC-6492-4B69-B48C-9217A9F6E817}.Debug|Any CPU.Build.0 = Debug|Any CPU
		{C98272DC-6492-4B69-B48C-9217A9F6E817}.Release|Any CPU.ActiveCfg = Release|Any CPU
		{C98272DC-6492-4B69-B48C-9217A9F6E817}.Release|Any CPU.Build.0 = Release|Any CPU
		{CC0F983D-4668-4BB6-BC1E-E2E37B7D108F}.Debug|Any CPU.ActiveCfg = Debug|Any CPU
		{CC0F983D-4668-4BB6-BC1E-E2E37B7D108F}.Debug|Any CPU.Build.0 = Debug|Any CPU
		{CC0F983D-4668-4BB6-BC1E-E2E37B7D108F}.Release|Any CPU.ActiveCfg = Release|Any CPU
		{CC0F983D-4668-4BB6-BC1E-E2E37B7D108F}.Release|Any CPU.Build.0 = Release|Any CPU
	EndGlobalSection
	GlobalSection(SolutionProperties) = preSolution
		HideSolutionNode = FALSE
	EndGlobalSection
	GlobalSection(ExtensibilityGlobals) = postSolution
		SolutionGuid = {10F540A0-CBBC-43B7-A01D-D1C6F0EE96BE}
	EndGlobalSection
EndGlobal
